
Microsoft Visual Studio Solution File, Format Version 12.00
# Visual Studio Version 17
VisualStudioVersion = 17.9.34622.214
MinimumVisualStudioVersion = 10.0.40219.1
Project("{9A19103F-16F7-4668-BE54-9A1E7A4F7556}") = "Api001", "Api001\Api001.csproj", "{7A08F1E3-7558-4642-AEA0-D6AAC205B822}"
EndProject
Project("{54A90642-561A-4BB1-A94E-469ADEE60C69}") = "ChatHub", "ChatHub\ChatHub.esproj", "{EC10D3C5-7D93-477B-8F2D-6804A8541105}"
EndProject
Global
	GlobalSection(SolutionConfigurationPlatforms) = preSolution
		Debug|Any CPU = Debug|Any CPU
		Release|Any CPU = Release|Any CPU
	EndGlobalSection
	GlobalSection(ProjectConfigurationPlatforms) = postSolution
		{7A08F1E3-7558-4642-AEA0-D6AAC205B822}.Debug|Any CPU.ActiveCfg = Debug|Any CPU
		{7A08F1E3-7558-4642-AEA0-D6AAC205B822}.Debug|Any CPU.Build.0 = Debug|Any CPU
		{7A08F1E3-7558-4642-AEA0-D6AAC205B822}.Release|Any CPU.ActiveCfg = Release|Any CPU
		{7A08F1E3-7558-4642-AEA0-D6AAC205B822}.Release|Any CPU.Build.0 = Release|Any CPU
		{EC10D3C5-7D93-477B-8F2D-6804A8541105}.Debug|Any CPU.ActiveCfg = Debug|Any CPU
		{EC10D3C5-7D93-477B-8F2D-6804A8541105}.Debug|Any CPU.Build.0 = Debug|Any CPU
		{EC10D3C5-7D93-477B-8F2D-6804A8541105}.Debug|Any CPU.Deploy.0 = Debug|Any CPU
		{EC10D3C5-7D93-477B-8F2D-6804A8541105}.Release|Any CPU.ActiveCfg = Release|Any CPU
		{EC10D3C5-7D93-477B-8F2D-6804A8541105}.Release|Any CPU.Build.0 = Release|Any CPU
		{EC10D3C5-7D93-477B-8F2D-6804A8541105}.Release|Any CPU.Deploy.0 = Release|Any CPU
	EndGlobalSection
	GlobalSection(SolutionProperties) = preSolution
		HideSolutionNode = FALSE
	EndGlobalSection
	GlobalSection(ExtensibilityGlobals) = postSolution
		SolutionGuid = {866E7FE7-E849-4D50-91E9-975427409EC3}
	EndGlobalSection
EndGlobal
